
Microsoft Visual Studio Solution File, Format Version 12.00
# Visual Studio 15
VisualStudioVersion = 15.0.27130.2036
MinimumVisualStudioVersion = 10.0.40219.1
Project("{FAE04EC0-301F-11D3-BF4B-00C04F79EFBC}") = "BreakingNews", "BreakingNews\BreakingNews.csproj", "{3E7927D9-E243-403B-B3CB-0FF39C6A37D5}"
EndProject
Project("{FAE04EC0-301F-11D3-BF4B-00C04F79EFBC}") = "TestProject", "TestClass\TestProject.csproj", "{1285D063-8287-4920-ADEB-D0F9E148D5AD}"
EndProject
Global
	GlobalSection(SolutionConfigurationPlatforms) = preSolution
		Debug|Any CPU = Debug|Any CPU
		Release|Any CPU = Release|Any CPU
	EndGlobalSection
	GlobalSection(ProjectConfigurationPlatforms) = postSolution
		{3E7927D9-E243-403B-B3CB-0FF39C6A37D5}.Debug|Any CPU.ActiveCfg = Debug|Any CPU
		{3E7927D9-E243-403B-B3CB-0FF39C6A37D5}.Debug|Any CPU.Build.0 = Debug|Any CPU
		{3E7927D9-E243-403B-B3CB-0FF39C6A37D5}.Release|Any CPU.ActiveCfg = Release|Any CPU
		{3E7927D9-E243-403B-B3CB-0FF39C6A37D5}.Release|Any CPU.Build.0 = Release|Any CPU
		{1285D063-8287-4920-ADEB-D0F9E148D5AD}.Debug|Any CPU.ActiveCfg = Debug|Any CPU
		{1285D063-8287-4920-ADEB-D0F9E148D5AD}.Debug|Any CPU.Build.0 = Debug|Any CPU
		{1285D063-8287-4920-ADEB-D0F9E148D5AD}.Release|Any CPU.ActiveCfg = Release|Any CPU
		{1285D063-8287-4920-ADEB-D0F9E148D5AD}.Release|Any CPU.Build.0 = Release|Any CPU
	EndGlobalSection
	GlobalSection(SolutionProperties) = preSolution
		HideSolutionNode = FALSE
	EndGlobalSection
	GlobalSection(ExtensibilityGlobals) = postSolution
		SolutionGuid = {04937FB2-90BD-4676-9D45-E99FDECCFA4E}
	EndGlobalSection
EndGlobal
